// !$*UTF8*$!
{
	archiveVersion = 1;
	classes = {
	};
	objectVersion = 55;
	objects = {

/* Begin PBXBuildFile section */
		38329A3328ED9DE40016A5A6 /* SwiftUIObservableObjectApp.swift in Sources */ = {isa = PBXBuildFile; fileRef = 38329A3228ED9DE40016A5A6 /* SwiftUIObservableObjectApp.swift */; };
		38329A3528ED9DE40016A5A6 /* ContentView.swift in Sources */ = {isa = PBXBuildFile; fileRef = 38329A3428ED9DE40016A5A6 /* ContentView.swift */; };
		38329A3728ED9DE60016A5A6 /* Assets.xcassets in Resources */ = {isa = PBXBuildFile; fileRef = 38329A3628ED9DE60016A5A6 /* Assets.xcassets */; };
		38329A3A28ED9DE60016A5A6 /* Preview Assets.xcassets in Resources */ = {isa = PBXBuildFile; fileRef = 38329A3928ED9DE60016A5A6 /* Preview Assets.xcassets */; };
		38329A4428ED9DE60016A5A6 /* SwiftUIObservableObjectTests.swift in Sources */ = {isa = PBXBuildFile; fileRef = 38329A4328ED9DE60016A5A6 /* SwiftUIObservableObjectTests.swift */; };
		38329A4E28ED9DE60016A5A6 /* SwiftUIObservableObjectUITests.swift in Sources */ = {isa = PBXBuildFile; fileRef = 38329A4D28ED9DE60016A5A6 /* SwiftUIObservableObjectUITests.swift */; };
		38329A5028ED9DE60016A5A6 /* SwiftUIObservableObjectUITestsLaunchTests.swift in Sources */ = {isa = PBXBuildFile; fileRef = 38329A4F28ED9DE60016A5A6 /* SwiftUIObservableObjectUITestsLaunchTests.swift */; };
/* End PBXBuildFile section */

/* Begin PBXContainerItemProxy section */
		38329A4028ED9DE60016A5A6 /* PBXContainerItemProxy */ = {
			isa = PBXContainerItemProxy;
			containerPortal = 38329A2728ED9DE40016A5A6 /* Project object */;
			proxyType = 1;
			remoteGlobalIDString = 38329A2E28ED9DE40016A5A6;
			remoteInfo = SwiftUIObservableObject;
		};
		38329A4A28ED9DE60016A5A6 /* PBXContainerItemProxy */ = {
			isa = PBXContainerItemProxy;
			containerPortal = 38329A2728ED9DE40016A5A6 /* Project object */;
			proxyType = 1;
			remoteGlobalIDString = 38329A2E28ED9DE40016A5A6;
			remoteInfo = SwiftUIObservableObject;
		};
/* End PBXContainerItemProxy section */

/* Begin PBXFileReference section */
		38329A2F28ED9DE40016A5A6 /* SwiftUIObservableObject.app */ = {isa = PBXFileReference; explicitFileType = wrapper.application; includeInIndex = 0; path = SwiftUIObservableObject.app; sourceTree = BUILT_PRODUCTS_DIR; };
		38329A3228ED9DE40016A5A6 /* SwiftUIObservableObjectApp.swift */ = {isa = PBXFileReference; lastKnownFileType = sourcecode.swift; path = SwiftUIObservableObjectApp.swift; sourceTree = "<group>"; };
		38329A3428ED9DE40016A5A6 /* ContentView.swift */ = {isa = PBXFileReference; lastKnownFileType = sourcecode.swift; path = ContentView.swift; sourceTree = "<group>"; };
		38329A3628ED9DE60016A5A6 /* Assets.xcassets */ = {isa = PBXFileReference; lastKnownFileType = folder.assetcatalog; path = Assets.xcassets; sourceTree = "<group>"; };
		38329A3928ED9DE60016A5A6 /* Preview Assets.xcassets */ = {isa = PBXFileReference; lastKnownFileType = folder.assetcatalog; path = "Preview Assets.xcassets"; sourceTree = "<group>"; };
		38329A3F28ED9DE60016A5A6 /* SwiftUIObservableObjectTests.xctest */ = {isa = PBXFileReference; explicitFileType = wrapper.cfbundle; includeInIndex = 0; path = SwiftUIObservableObjectTests.xctest; sourceTree = BUILT_PRODUCTS_DIR; };
		38329A4328ED9DE60016A5A6 /* SwiftUIObservableObjectTests.swift */ = {isa = PBXFileReference; lastKnownFileType = sourcecode.swift; path = SwiftUIObservableObjectTests.swift; sourceTree = "<group>"; };
		38329A4928ED9DE60016A5A6 /* SwiftUIObservableObjectUITests.xctest */ = {isa = PBXFileReference; explicitFileType = wrapper.cfbundle; includeInIndex = 0; path = SwiftUIObservableObjectUITests.xctest; sourceTree = BUILT_PRODUCTS_DIR; };
		38329A4D28ED9DE60016A5A6 /* SwiftUIObservableObjectUITests.swift */ = {isa = PBXFileReference; lastKnownFileType = sourcecode.swift; path = SwiftUIObservableObjectUITests.swift; sourceTree = "<group>"; };
		38329A4F28ED9DE60016A5A6 /* SwiftUIObservableObjectUITestsLaunchTests.swift */ = {isa = PBXFileReference; lastKnownFileType = sourcecode.swift; path = SwiftUIObservableObjectUITestsLaunchTests.swift; sourceTree = "<group>"; };
/* End PBXFileReference section */

/* Begin PBXFrameworksBuildPhase section */
		38329A2C28ED9DE40016A5A6 /* Frameworks */ = {
			isa = PBXFrameworksBuildPhase;
			buildActionMask = 2147483647;
			files = (
			);
			runOnlyForDeploymentPostprocessing = 0;
		};
		38329A3C28ED9DE60016A5A6 /* Frameworks */ = {
			isa = PBXFrameworksBuildPhase;
			buildActionMask = 2147483647;
			files = (
			);
			runOnlyForDeploymentPostprocessing = 0;
		};
		38329A4628ED9DE60016A5A6 /* Frameworks */ = {
			isa = PBXFrameworksBuildPhase;
			buildActionMask = 2147483647;
			files = (
			);
			runOnlyForDeploymentPostprocessing = 0;
		};
/* End PBXFrameworksBuildPhase section */

/* Begin PBXGroup section */
		38329A2628ED9DE40016A5A6 = {
			isa = PBXGroup;
			children = (
				38329A3128ED9DE40016A5A6 /* SwiftUIObservableObject */,
				38329A4228ED9DE60016A5A6 /* SwiftUIObservableObjectTests */,
				38329A4C28ED9DE60016A5A6 /* SwiftUIObservableObjectUITests */,
				38329A3028ED9DE40016A5A6 /* Products */,
			);
			sourceTree = "<group>";
		};
		38329A3028ED9DE40016A5A6 /* Products */ = {
			isa = PBXGroup;
			children = (
				38329A2F28ED9DE40016A5A6 /* SwiftUIObservableObject.app */,
				38329A3F28ED9DE60016A5A6 /* SwiftUIObservableObjectTests.xctest */,
				38329A4928ED9DE60016A5A6 /* SwiftUIObservableObjectUITests.xctest */,
			);
			name = Products;
			sourceTree = "<group>";
		};
		38329A3128ED9DE40016A5A6 /* SwiftUIObservableObject */ = {
			isa = PBXGroup;
			children = (
				38329A3228ED9DE40016A5A6 /* SwiftUIObservableObjectApp.swift */,
				38329A3428ED9DE40016A5A6 /* ContentView.swift */,
				38329A3628ED9DE60016A5A6 /* Assets.xcassets */,
				38329A3828ED9DE60016A5A6 /* Preview Content */,
			);
			path = SwiftUIObservableObject;
			sourceTree = "<group>";
		};
		38329A3828ED9DE60016A5A6 /* Preview Content */ = {
			isa = PBXGroup;
			children = (
				38329A3928ED9DE60016A5A6 /* Preview Assets.xcassets */,
			);
			path = "Preview Content";
			sourceTree = "<group>";
		};
		38329A4228ED9DE60016A5A6 /* SwiftUIObservableObjectTests */ = {
			isa = PBXGroup;
			children = (
				38329A4328ED9DE60016A5A6 /* SwiftUIObservableObjectTests.swift */,
			);
			path = SwiftUIObservableObjectTests;
			sourceTree = "<group>";
		};
		38329A4C28ED9DE60016A5A6 /* SwiftUIObservableObjectUITests */ = {
			isa = PBXGroup;
			children = (
				38329A4D28ED9DE60016A5A6 /* SwiftUIObservableObjectUITests.swift */,
				38329A4F28ED9DE60016A5A6 /* SwiftUIObservableObjectUITestsLaunchTests.swift */,
			);
			path = SwiftUIObservableObjectUITests;
			sourceTree = "<group>";
		};
/* End PBXGroup section */

/* Begin PBXNativeTarget section */
		38329A2E28ED9DE40016A5A6 /* SwiftUIObservableObject */ = {
			isa = PBXNativeTarget;
			buildConfigurationList = 38329A5328ED9DE60016A5A6 /* Build configuration list for PBXNativeTarget "SwiftUIObservableObject" */;
			buildPhases = (
				38329A2B28ED9DE40016A5A6 /* Sources */,
				38329A2C28ED9DE40016A5A6 /* Frameworks */,
				38329A2D28ED9DE40016A5A6 /* Resources */,
			);
			buildRules = (
			);
			dependencies = (
			);
			name = SwiftUIObservableObject;
			productName = SwiftUIObservableObject;
			productReference = 38329A2F28ED9DE40016A5A6 /* SwiftUIObservableObject.app */;
			productType = "com.apple.product-type.application";
		};
		38329A3E28ED9DE60016A5A6 /* SwiftUIObservableObjectTests */ = {
			isa = PBXNativeTarget;
			buildConfigurationList = 38329A5628ED9DE60016A5A6 /* Build configuration list for PBXNativeTarget "SwiftUIObservableObjectTests" */;
			buildPhases = (
				38329A3B28ED9DE60016A5A6 /* Sources */,
				38329A3C28ED9DE60016A5A6 /* Frameworks */,
				38329A3D28ED9DE60016A5A6 /* Resources */,
			);
			buildRules = (
			);
			dependencies = (
				38329A4128ED9DE60016A5A6 /* PBXTargetDependency */,
			);
			name = SwiftUIObservableObjectTests;
			productName = SwiftUIObservableObjectTests;
			productReference = 38329A3F28ED9DE60016A5A6 /* SwiftUIObservableObjectTests.xctest */;
			productType = "com.apple.product-type.bundle.unit-test";
		};
		38329A4828ED9DE60016A5A6 /* SwiftUIObservableObjectUITests */ = {
			isa = PBXNativeTarget;
			buildConfigurationList = 38329A5928ED9DE60016A5A6 /* Build configuration list for PBXNativeTarget "SwiftUIObservableObjectUITests" */;
			buildPhases = (
				38329A4528ED9DE60016A5A6 /* Sources */,
				38329A4628ED9DE60016A5A6 /* Frameworks */,
				38329A4728ED9DE60016A5A6 /* Resources */,
			);
			buildRules = (
			);
			dependencies = (
				38329A4B28ED9DE60016A5A6 /* PBXTargetDependency */,
			);
			name = SwiftUIObservableObjectUITests;
			productName = SwiftUIObservableObjectUITests;
			productReference = 38329A4928ED9DE60016A5A6 /* SwiftUIObservableObjectUITests.xctest */;
			productType = "com.apple.product-type.bundle.ui-testing";
		};
/* End PBXNativeTarget section */

/* Begin PBXProject section */
		38329A2728ED9DE40016A5A6 /* Project object */ = {
			isa = PBXProject;
			attributes = {
				BuildIndependentTargetsInParallel = 1;
				LastSwiftUpdateCheck = 1320;
				LastUpgradeCheck = 1320;
				TargetAttributes = {
					38329A2E28ED9DE40016A5A6 = {
						CreatedOnToolsVersion = 13.2.1;
					};
					38329A3E28ED9DE60016A5A6 = {
						CreatedOnToolsVersion = 13.2.1;
						TestTargetID = 38329A2E28ED9DE40016A5A6;
					};
					38329A4828ED9DE60016A5A6 = {
						CreatedOnToolsVersion = 13.2.1;
						TestTargetID = 38329A2E28ED9DE40016A5A6;
					};
				};
			};
			buildConfigurationList = 38329A2A28ED9DE40016A5A6 /* Build configuration list for PBXProject "SwiftUIObservableObject" */;
			compatibilityVersion = "Xcode 13.0";
			developmentRegion = en;
			hasScannedForEncodings = 0;
			knownRegions = (
				en,
				Base,
			);
			mainGroup = 38329A2628ED9DE40016A5A6;
			productRefGroup = 38329A3028ED9DE40016A5A6 /* Products */;
			projectDirPath = "";
			projectRoot = "";
			targets = (
				38329A2E28ED9DE40016A5A6 /* SwiftUIObservableObject */,
				38329A3E28ED9DE60016A5A6 /* SwiftUIObservableObjectTests */,
				38329A4828ED9DE60016A5A6 /* SwiftUIObservableObjectUITests */,
			);
		};
/* End PBXProject section */

/* Begin PBXResourcesBuildPhase section */
		38329A2D28ED9DE40016A5A6 /* Resources */ = {
			isa = PBXResourcesBuildPhase;
			buildActionMask = 2147483647;
			files = (
				38329A3A28ED9DE60016A5A6 /* Preview Assets.xcassets in Resources */,
				38329A3728ED9DE60016A5A6 /* Assets.xcassets in Resources */,
			);
			runOnlyForDeploymentPostprocessing = 0;
		};
		38329A3D28ED9DE60016A5A6 /* Resources */ = {
			isa = PBXResourcesBuildPhase;
			buildActionMask = 2147483647;
			files = (
			);
			runOnlyForDeploymentPostprocessing = 0;
		};
		38329A4728ED9DE60016A5A6 /* Resources */ = {
			isa = PBXResourcesBuildPhase;
			buildActionMask = 2147483647;
			files = (
			);
			runOnlyForDeploymentPostprocessing = 0;
		};
/* End PBXResourcesBuildPhase section */

/* Begin PBXSourcesBuildPhase section */
		38329A2B28ED9DE40016A5A6 /* Sources */ = {
			isa = PBXSourcesBuildPhase;
			buildActionMask = 2147483647;
			files = (
				38329A3528ED9DE40016A5A6 /* ContentView.swift in Sources */,
				38329A3328ED9DE40016A5A6 /* SwiftUIObservableObjectApp.swift in Sources */,
			);
			runOnlyForDeploymentPostprocessing = 0;
		};
		38329A3B28ED9DE60016A5A6 /* Sources */ = {
			isa = PBXSourcesBuildPhase;
			buildActionMask = 2147483647;
			files = (
				38329A4428ED9DE60016A5A6 /* SwiftUIObservableObjectTests.swift in Sources */,
			);
			runOnlyForDeploymentPostprocessing = 0;
		};
		38329A4528ED9DE60016A5A6 /* Sources */ = {
			isa = PBXSourcesBuildPhase;
			buildActionMask = 2147483647;
			files = (
				38329A5028ED9DE60016A5A6 /* SwiftUIObservableObjectUITestsLaunchTests.swift in Sources */,
				38329A4E28ED9DE60016A5A6 /* SwiftUIObservableObjectUITests.swift in Sources */,
			);
			runOnlyForDeploymentPostprocessing = 0;
		};
/* End PBXSourcesBuildPhase section */

/* Begin PBXTargetDependency section */
		38329A4128ED9DE60016A5A6 /* PBXTargetDependency */ = {
			isa = PBXTargetDependency;
			target = 38329A2E28ED9DE40016A5A6 /* SwiftUIObservableObject */;
			targetProxy = 38329A4028ED9DE60016A5A6 /* PBXContainerItemProxy */;
		};
		38329A4B28ED9DE60016A5A6 /* PBXTargetDependency */ = {
			isa = PBXTargetDependency;
			target = 38329A2E28ED9DE40016A5A6 /* SwiftUIObservableObject */;
			targetProxy = 38329A4A28ED9DE60016A5A6 /* PBXContainerItemProxy */;
		};
/* End PBXTargetDependency section */

/* Begin XCBuildConfiguration section */
		38329A5128ED9DE60016A5A6 /* Debug */ = {
			isa = XCBuildConfiguration;
			buildSettings = {
				ALWAYS_SEARCH_USER_PATHS = NO;
				CLANG_ANALYZER_NONNULL = YES;
				CLANG_ANALYZER_NUMBER_OBJECT_CONVERSION = YES_AGGRESSIVE;
				CLANG_CXX_LANGUAGE_STANDARD = "gnu++17";
				CLANG_CXX_LIBRARY = "libc++";
				CLANG_ENABLE_MODULES = YES;
				CLANG_ENABLE_OBJC_ARC = YES;
				CLANG_ENABLE_OBJC_WEAK = YES;
				CLANG_WARN_BLOCK_CAPTURE_AUTORELEASING = YES;
				CLANG_WARN_BOOL_CONVERSION = YES;
				CLANG_WARN_COMMA = YES;
				CLANG_WARN_CONSTANT_CONVERSION = YES;
				CLANG_WARN_DEPRECATED_OBJC_IMPLEMENTATIONS = YES;
				CLANG_WARN_DIRECT_OBJC_ISA_USAGE = YES_ERROR;
				CLANG_WARN_DOCUMENTATION_COMMENTS = YES;
				CLANG_WARN_EMPTY_BODY = YES;
				CLANG_WARN_ENUM_CONVERSION = YES;
				CLANG_WARN_INFINITE_RECURSION = YES;
				CLANG_WARN_INT_CONVERSION = YES;
				CLANG_WARN_NON_LITERAL_NULL_CONVERSION = YES;
				CLANG_WARN_OBJC_IMPLICIT_RETAIN_SELF = YES;
				CLANG_WARN_OBJC_LITERAL_CONVERSION = YES;
				CLANG_WARN_OBJC_ROOT_CLASS = YES_ERROR;
				CLANG_WARN_QUOTED_INCLUDE_IN_FRAMEWORK_HEADER = YES;
				CLANG_WARN_RANGE_LOOP_ANALYSIS = YES;
				CLANG_WARN_STRICT_PROTOTYPES = YES;
				CLANG_WARN_SUSPICIOUS_MOVE = YES;
				CLANG_WARN_UNGUARDED_AVAILABILITY = YES_AGGRESSIVE;
				CLANG_WARN_UNREACHABLE_CODE = YES;
				CLANG_WARN__DUPLICATE_METHOD_MATCH = YES;
				COPY_PHASE_STRIP = NO;
				DEBUG_INFORMATION_FORMAT = dwarf;
				ENABLE_STRICT_OBJC_MSGSEND = YES;
				ENABLE_TESTABILITY = YES;
				GCC_C_LANGUAGE_STANDARD = gnu11;
				GCC_DYNAMIC_NO_PIC = NO;
				GCC_NO_COMMON_BLOCKS = YES;
				GCC_OPTIMIZATION_LEVEL = 0;
				GCC_PREPROCESSOR_DEFINITIONS = (
					"DEBUG=1",
					"$(inherited)",
				);
				GCC_WARN_64_TO_32_BIT_CONVERSION = YES;
				GCC_WARN_ABOUT_RETURN_TYPE = YES_ERROR;
				GCC_WARN_UNDECLARED_SELECTOR = YES;
				GCC_WARN_UNINITIALIZED_AUTOS = YES_AGGRESSIVE;
				GCC_WARN_UNUSED_FUNCTION = YES;
				GCC_WARN_UNUSED_VARIABLE = YES;
				IPHONEOS_DEPLOYMENT_TARGET = 15.2;
				MTL_ENABLE_DEBUG_INFO = INCLUDE_SOURCE;
				MTL_FAST_MATH = YES;
				ONLY_ACTIVE_ARCH = YES;
				SDKROOT = iphoneos;
				SWIFT_ACTIVE_COMPILATION_CONDITIONS = DEBUG;
				SWIFT_OPTIMIZATION_LEVEL = "-Onone";
			};
			name = Debug;
		};
		38329A5228ED9DE60016A5A6 /* Release */ = {
			isa = XCBuildConfiguration;
			buildSettings = {
				ALWAYS_SEARCH_USER_PATHS = NO;
				CLANG_ANALYZER_NONNULL = YES;
				CLANG_ANALYZER_NUMBER_OBJECT_CONVERSION = YES_AGGRESSIVE;
				CLANG_CXX_LANGUAGE_STANDARD = "gnu++17";
				CLANG_CXX_LIBRARY = "libc++";
				CLANG_ENABLE_MODULES = YES;
				CLANG_ENABLE_OBJC_ARC = YES;
				CLANG_ENABLE_OBJC_WEAK = YES;
				CLANG_WARN_BLOCK_CAPTURE_AUTORELEASING = YES;
				CLANG_WARN_BOOL_CONVERSION = YES;
				CLANG_WARN_COMMA = YES;
				CLANG_WARN_CONSTANT_CONVERSION = YES;
				CLANG_WARN_DEPRECATED_OBJC_IMPLEMENTATIONS = YES;
				CLANG_WARN_DIRECT_OBJC_ISA_USAGE = YES_ERROR;
				CLANG_WARN_DOCUMENTATION_COMMENTS = YES;
				CLANG_WARN_EMPTY_BODY = YES;
				CLANG_WARN_ENUM_CONVERSION = YES;
				CLANG_WARN_INFINITE_RECURSION = YES;
				CLANG_WARN_INT_CONVERSION = YES;
				CLANG_WARN_NON_LITERAL_NULL_CONVERSION = YES;
				CLANG_WARN_OBJC_IMPLICIT_RETAIN_SELF = YES;
				CLANG_WARN_OBJC_LITERAL_CONVERSION = YES;
				CLANG_WARN_OBJC_ROOT_CLASS = YES_ERROR;
				CLANG_WARN_QUOTED_INCLUDE_IN_FRAMEWORK_HEADER = YES;
				CLANG_WARN_RANGE_LOOP_ANALYSIS = YES;
				CLANG_WARN_STRICT_PROTOTYPES = YES;
				CLANG_WARN_SUSPICIOUS_MOVE = YES;
				CLANG_WARN_UNGUARDED_AVAILABILITY = YES_AGGRESSIVE;
				CLANG_WARN_UNREACHABLE_CODE = YES;
				CLANG_WARN__DUPLICATE_METHOD_MATCH = YES;
				COPY_PHASE_STRIP = NO;
				DEBUG_INFORMATION_FORMAT = "dwarf-with-dsym";
				ENABLE_NS_ASSERTIONS = NO;
				ENABLE_STRICT_OBJC_MSGSEND = YES;
				GCC_C_LANGUAGE_STANDARD = gnu11;
				GCC_NO_COMMON_BLOCKS = YES;
				GCC_WARN_64_TO_32_BIT_CONVERSION = YES;
				GCC_WARN_ABOUT_RETURN_TYPE = YES_ERROR;
				GCC_WARN_UNDECLARED_SELECTOR = YES;
				GCC_WARN_UNINITIALIZED_AUTOS = YES_AGGRESSIVE;
				GCC_WARN_UNUSED_FUNCTION = YES;
				GCC_WARN_UNUSED_VARIABLE = YES;
				IPHONEOS_DEPLOYMENT_TARGET = 15.2;
				MTL_ENABLE_DEBUG_INFO = NO;
				MTL_FAST_MATH = YES;
				SDKROOT = iphoneos;
				SWIFT_COMPILATION_MODE = wholemodule;
				SWIFT_OPTIMIZATION_LEVEL = "-O";
				VALIDATE_PRODUCT = YES;
			};
			name = Release;
		};
		38329A5428ED9DE60016A5A6 /* Debug */ = {
			isa = XCBuildConfiguration;
			buildSettings = {
				ASSETCATALOG_COMPILER_APPICON_NAME = AppIcon;
				ASSETCATALOG_COMPILER_GLOBAL_ACCENT_COLOR_NAME = AccentColor;
				CODE_SIGN_STYLE = Automatic;
				CURRENT_PROJECT_VERSION = 1;
				DEVELOPMENT_ASSET_PATHS = "\"SwiftUIObservableObject/Preview Content\"";
				DEVELOPMENT_TEAM = 4YVT736T6U;
				ENABLE_PREVIEWS = YES;
				GENERATE_INFOPLIST_FILE = YES;
				INFOPLIST_KEY_UIApplicationSceneManifest_Generation = YES;
				INFOPLIST_KEY_UIApplicationSupportsIndirectInputEvents = YES;
				INFOPLIST_KEY_UILaunchScreen_Generation = YES;
				INFOPLIST_KEY_UISupportedInterfaceOrientations_iPad = "UIInterfaceOrientationPortrait UIInterfaceOrientationPortraitUpsideDown UIInterfaceOrientationLandscapeLeft UIInterfaceOrientationLandscapeRight";
				INFOPLIST_KEY_UISupportedInterfaceOrientations_iPhone = "UIInterfaceOrientationPortrait UIInterfaceOrientationLandscapeLeft UIInterfaceOrientationLandscapeRight";
				LD_RUNPATH_SEARCH_PATHS = (
					"$(inherited)",
					"@executable_path/Frameworks",
				);
				MARKETING_VERSION = 1.0;
				PRODUCT_BUNDLE_IDENTIFIER = OskarLarsson.SwiftUIObservableObject;
				PRODUCT_NAME = "$(TARGET_NAME)";
				SWIFT_EMIT_LOC_STRINGS = YES;
				SWIFT_VERSION = 5.0;
				TARGETED_DEVICE_FAMILY = "1,2";
			};
			name = Debug;
		};
		38329A5528ED9DE60016A5A6 /* Release */ = {
			isa = XCBuildConfiguration;
			buildSettings = {
				ASSETCATALOG_COMPILER_APPICON_NAME = AppIcon;
				ASSETCATALOG_COMPILER_GLOBAL_ACCENT_COLOR_NAME = AccentColor;
				CODE_SIGN_STYLE = Automatic;
				CURRENT_PROJECT_VERSION = 1;
				DEVELOPMENT_ASSET_PATHS = "\"SwiftUIObservableObject/Preview Content\"";
				DEVELOPMENT_TEAM = 4YVT736T6U;
				ENABLE_PREVIEWS = YES;
				GENERATE_INFOPLIST_FILE = YES;
				INFOPLIST_KEY_UIApplicationSceneManifest_Generation = YES;
				INFOPLIST_KEY_UIApplicationSupportsIndirectInputEvents = YES;
				INFOPLIST_KEY_UILaunchScreen_Generation = YES;
				INFOPLIST_KEY_UISupportedInterfaceOrientations_iPad = "UIInterfaceOrientationPortrait UIInterfaceOrientationPortraitUpsideDown UIInterfaceOrientationLandscapeLeft UIInterfaceOrientationLandscapeRight";
				INFOPLIST_KEY_UISupportedInterfaceOrientations_iPhone = "UIInterfaceOrientationPortrait UIInterfaceOrientationLandscapeLeft UIInterfaceOrientationLandscapeRight";
				LD_RUNPATH_SEARCH_PATHS = (
					"$(inherited)",
					"@executable_path/Frameworks",
				);
				MARKETING_VERSION = 1.0;
				PRODUCT_BUNDLE_IDENTIFIER = OskarLarsson.SwiftUIObservableObject;
				PRODUCT_NAME = "$(TARGET_NAME)";
				SWIFT_EMIT_LOC_STRINGS = YES;
				SWIFT_VERSION = 5.0;
				TARGETED_DEVICE_FAMILY = "1,2";
			};
			name = Release;
		};
		38329A5728ED9DE60016A5A6 /* Debug */ = {
			isa = XCBuildConfiguration;
			buildSettings = {
				ALWAYS_EMBED_SWIFT_STANDARD_LIBRARIES = YES;
				BUNDLE_LOADER = "$(TEST_HOST)";
				CODE_SIGN_STYLE = Automatic;
				CURRENT_PROJECT_VERSION = 1;
				DEVELOPMENT_TEAM = 4YVT736T6U;
				GENERATE_INFOPLIST_FILE = YES;
				IPHONEOS_DEPLOYMENT_TARGET = 15.2;
				MARKETING_VERSION = 1.0;
				PRODUCT_BUNDLE_IDENTIFIER = OskarLarsson.SwiftUIObservableObjectTests;
				PRODUCT_NAME = "$(TARGET_NAME)";
				SWIFT_EMIT_LOC_STRINGS = NO;
				SWIFT_VERSION = 5.0;
				TARGETED_DEVICE_FAMILY = "1,2";
				TEST_HOST = "$(BUILT_PRODUCTS_DIR)/SwiftUIObservableObject.app/SwiftUIObservableObject";
			};
			name = Debug;
		};
		38329A5828ED9DE60016A5A6 /* Release */ = {
			isa = XCBuildConfiguration;
			buildSettings = {
				ALWAYS_EMBED_SWIFT_STANDARD_LIBRARIES = YES;
				BUNDLE_LOADER = "$(TEST_HOST)";
				CODE_SIGN_STYLE = Automatic;
				CURRENT_PROJECT_VERSION = 1;
				DEVELOPMENT_TEAM = 4YVT736T6U;
				GENERATE_INFOPLIST_FILE = YES;
				IPHONEOS_DEPLOYMENT_TARGET = 15.2;
				MARKETING_VERSION = 1.0;
				PRODUCT_BUNDLE_IDENTIFIER = OskarLarsson.SwiftUIObservableObjectTests;
				PRODUCT_NAME = "$(TARGET_NAME)";
				SWIFT_EMIT_LOC_STRINGS = NO;
				SWIFT_VERSION = 5.0;
				TARGETED_DEVICE_FAMILY = "1,2";
				TEST_HOST = "$(BUILT_PRODUCTS_DIR)/SwiftUIObservableObject.app/SwiftUIObservableObject";
			};
			name = Release;
		};
		38329A5A28ED9DE60016A5A6 /* Debug */ = {
			isa = XCBuildConfiguration;
			buildSettings = {
				ALWAYS_EMBED_SWIFT_STANDARD_LIBRARIES = YES;
				CODE_SIGN_STYLE = Automatic;
				CURRENT_PROJECT_VERSION = 1;
				DEVELOPMENT_TEAM = 4YVT736T6U;
				GENERATE_INFOPLIST_FILE = YES;
				MARKETING_VERSION = 1.0;
				PRODUCT_BUNDLE_IDENTIFIER = OskarLarsson.SwiftUIObservableObjectUITests;
				PRODUCT_NAME = "$(TARGET_NAME)";
				SWIFT_EMIT_LOC_STRINGS = NO;
				SWIFT_VERSION = 5.0;
				TARGETED_DEVICE_FAMILY = "1,2";
				TEST_TARGET_NAME = SwiftUIObservableObject;
			};
			name = Debug;
		};
		38329A5B28ED9DE60016A5A6 /* Release */ = {
			isa = XCBuildConfiguration;
			buildSettings = {
				ALWAYS_EMBED_SWIFT_STANDARD_LIBRARIES = YES;
				CODE_SIGN_STYLE = Automatic;
				CURRENT_PROJECT_VERSION = 1;
				DEVELOPMENT_TEAM = 4YVT736T6U;
				GENERATE_INFOPLIST_FILE = YES;
				MARKETING_VERSION = 1.0;
				PRODUCT_BUNDLE_IDENTIFIER = OskarLarsson.SwiftUIObservableObjectUITests;
				PRODUCT_NAME = "$(TARGET_NAME)";
				SWIFT_EMIT_LOC_STRINGS = NO;
				SWIFT_VERSION = 5.0;
				TARGETED_DEVICE_FAMILY = "1,2";
				TEST_TARGET_NAME = SwiftUIObservableObject;
			};
			name = Release;
		};
/* End XCBuildConfiguration section */

/* Begin XCConfigurationList section */
		38329A2A28ED9DE40016A5A6 /* Build configuration list for PBXProject "SwiftUIObservableObject" */ = {
			isa = XCConfigurationList;
			buildConfigurations = (
				38329A5128ED9DE60016A5A6 /* Debug */,
				38329A5228ED9DE60016A5A6 /* Release */,
			);
			defaultConfigurationIsVisible = 0;
			defaultConfigurationName = Release;
		};
		38329A5328ED9DE60016A5A6 /* Build configuration list for PBXNativeTarget "SwiftUIObservableObject" */ = {
			isa = XCConfigurationList;
			buildConfigurations = (
				38329A5428ED9DE60016A5A6 /* Debug */,
				38329A5528ED9DE60016A5A6 /* Release */,
			);
			defaultConfigurationIsVisible = 0;
			defaultConfigurationName = Release;
		};
		38329A5628ED9DE60016A5A6 /* Build configuration list for PBXNativeTarget "SwiftUIObservableObjectTests" */ = {
			isa = XCConfigurationList;
			buildConfigurations = (
				38329A5728ED9DE60016A5A6 /* Debug */,
				38329A5828ED9DE60016A5A6 /* Release */,
			);
			defaultConfigurationIsVisible = 0;
			defaultConfigurationName = Release;
		};
		38329A5928ED9DE60016A5A6 /* Build configuration list for PBXNativeTarget "SwiftUIObservableObjectUITests" */ = {
			isa = XCConfigurationList;
			buildConfigurations = (
				38329A5A28ED9DE60016A5A6 /* Debug */,
				38329A5B28ED9DE60016A5A6 /* Release */,
			);
			defaultConfigurationIsVisible = 0;
			defaultConfigurationName = Release;
		};
/* End XCConfigurationList section */
	};
	rootObject = 38329A2728ED9DE40016A5A6 /* Project object */;
}
